dependencies:
- name: postgresql
  repository: oci://registry-1.docker.io/bitnamicharts
  version: 16.7.26
- name: redis
  repository: oci://registry-1.docker.io/bitnamicharts
  version: 22.0.4
digest: sha256:cbda24dcf5a8031324e1ef172744d23e51364b755ceeb858eead2d1e71344ed0
generated: "2025-08-20T18:34:33.696417249Z"
